// !$*UTF8*$!
{
	archiveVersion = 1;
	classes = {
	};
	objectVersion = 46;
	objects = {

/* Begin PBXBuildFile section */
		860D65441D6A9B57005DD64A /* AFHTTPSessionManager.m in Sources */ = {isa = PBXBuildFile; fileRef = 860D65381D6A9B57005DD64A /* AFHTTPSessionManager.m */; };
		860D65451D6A9B57005DD64A /* AFNetworkReachabilityManager.m in Sources */ = {isa = PBXBuildFile; fileRef = 860D653B1D6A9B57005DD64A /* AFNetworkReachabilityManager.m */; };
		860D65461D6A9B57005DD64A /* AFSecurityPolicy.m in Sources */ = {isa = PBXBuildFile; fileRef = 860D653D1D6A9B57005DD64A /* AFSecurityPolicy.m */; };
		860D65471D6A9B57005DD64A /* AFURLRequestSerialization.m in Sources */ = {isa = PBXBuildFile; fileRef = 860D653F1D6A9B57005DD64A /* AFURLRequestSerialization.m */; };
		860D65481D6A9B57005DD64A /* AFURLResponseSerialization.m in Sources */ = {isa = PBXBuildFile; fileRef = 860D65411D6A9B57005DD64A /* AFURLResponseSerialization.m */; };
		860D65491D6A9B57005DD64A /* AFURLSessionManager.m in Sources */ = {isa = PBXBuildFile; fileRef = 860D65431D6A9B57005DD64A /* AFURLSessionManager.m */; };
		860D654C1D6A9B7D005DD64A /* AppsModel.m in Sources */ = {isa = PBXBuildFile; fileRef = 860D654B1D6A9B7D005DD64A /* AppsModel.m */; };
		868704F21D6856F400A960B8 /* main.m in Sources */ = {isa = PBXBuildFile; fileRef = 868704F11D6856F400A960B8 /* main.m */; };
		868704F51D6856F400A960B8 /* AppDelegate.m in Sources */ = {isa = PBXBuildFile; fileRef = 868704F41D6856F400A960B8 /* AppDelegate.m */; };
		868704F81D6856F400A960B8 /* ViewController.m in Sources */ = {isa = PBXBuildFile; fileRef = 868704F71D6856F400A960B8 /* ViewController.m */; };
		868704FB1D6856F400A960B8 /* Main.storyboard in Resources */ = {isa = PBXBuildFile; fileRef = 868704F91D6856F400A960B8 /* Main.storyboard */; };
		868704FD1D6856F400A960B8 /* Assets.xcassets in Resources */ = {isa = PBXBuildFile; fileRef = 868704FC1D6856F400A960B8 /* Assets.xcassets */; };
		868705001D6856F400A960B8 /* LaunchScreen.storyboard in Resources */ = {isa = PBXBuildFile; fileRef = 868704FE1D6856F400A960B8 /* LaunchScreen.storyboard */; };
		8687050A1D68583700A960B8 /* DownloadOperation.m in Sources */ = {isa = PBXBuildFile; fileRef = 868705091D68583700A960B8 /* DownloadOperation.m */; };
/* End PBXBuildFile section */

/* Begin PBXFileReference section */
		860D65371D6A9B57005DD64A /* AFHTTPSessionManager.h */ = {isa = PBXFileReference; fileEncoding = 4; lastKnownFileType = sourcecode.c.h; path = AFHTTPSessionManager.h; sourceTree = "<group>"; };
		860D65381D6A9B57005DD64A /* AFHTTPSessionManager.m */ = {isa = PBXFileReference; fileEncoding = 4; lastKnownFileType = sourcecode.c.objc; path = AFHTTPSessionManager.m; sourceTree = "<group>"; };
		860D65391D6A9B57005DD64A /* AFNetworking.h */ = {isa = PBXFileReference; fileEncoding = 4; lastKnownFileType = sourcecode.c.h; path = AFNetworking.h; sourceTree = "<group>"; };
		860D653A1D6A9B57005DD64A /* AFNetworkReachabilityManager.h */ = {isa = PBXFileReference; fileEncoding = 4; lastKnownFileType = sourcecode.c.h; path = AFNetworkReachabilityManager.h; sourceTree = "<group>"; };
		860D653B1D6A9B57005DD64A /* AFNetworkReachabilityManager.m */ = {isa = PBXFileReference; fileEncoding = 4; lastKnownFileType = sourcecode.c.objc; path = AFNetworkReachabilityManager.m; sourceTree = "<group>"; };
		860D653C1D6A9B57005DD64A /* AFSecurityPolicy.h */ = {isa = PBXFileReference; fileEncoding = 4; lastKnownFileType = sourcecode.c.h; path = AFSecurityPolicy.h; sourceTree = "<group>"; };
		860D653D1D6A9B57005DD64A /* AFSecurityPolicy.m */ = {isa = PBXFileReference; fileEncoding = 4; lastKnownFileType = sourcecode.c.objc; path = AFSecurityPolicy.m; sourceTree = "<group>"; };
		860D653E1D6A9B57005DD64A /* AFURLRequestSerialization.h */ = {isa = PBXFileReference; fileEncoding = 4; lastKnownFileType = sourcecode.c.h; path = AFURLRequestSerialization.h; sourceTree = "<group>"; };
		860D653F1D6A9B57005DD64A /* AFURLRequestSerialization.m */ = {isa = PBXFileReference; fileEncoding = 4; lastKnownFileType = sourcecode.c.objc; path = AFURLRequestSerialization.m; sourceTree = "<group>"; };
		860D65401D6A9B57005DD64A /* AFURLResponseSerialization.h */ = {isa = PBXFileReference; fileEncoding = 4; lastKnownFileType = sourcecode.c.h; path = AFURLResponseSerialization.h; sourceTree = "<group>"; };
		860D65411D6A9B57005DD64A /* AFURLResponseSerialization.m */ = {isa = PBXFileReference; fileEncoding = 4; lastKnownFileType = sourcecode.c.objc; path = AFURLResponseSerialization.m; sourceTree = "<group>"; };
		860D65421D6A9B57005DD64A /* AFURLSessionManager.h */ = {isa = PBXFileReference; fileEncoding = 4; lastKnownFileType = sourcecode.c.h; path = AFURLSessionManager.h; sourceTree = "<group>"; };
		860D65431D6A9B57005DD64A /* AFURLSessionManager.m */ = {isa = PBXFileReference; fileEncoding = 4; lastKnownFileType = sourcecode.c.objc; path = AFURLSessionManager.m; sourceTree = "<group>"; };
		860D654A1D6A9B7D005DD64A /* AppsModel.h */ = {isa = PBXFileReference; fileEncoding = 4; lastKnownFileType = sourcecode.c.h; path = AppsModel.h; sourceTree = "<group>"; };
		860D654B1D6A9B7D005DD64A /* AppsModel.m */ = {isa = PBXFileReference; fileEncoding = 4; lastKnownFileType = sourcecode.c.objc; path = AppsModel.m; sourceTree = "<group>"; };
		868704ED1D6856F400A960B8 /* 仿SDWebImage.app */ = {isa = PBXFileReference; explicitFileType = wrapper.application; includeInIndex = 0; path = "仿SDWebImage.app"; sourceTree = BUILT_PRODUCTS_DIR; };
		868704F11D6856F400A960B8 /* main.m */ = {isa = PBXFileReference; lastKnownFileType = sourcecode.c.objc; path = main.m; sourceTree = "<group>"; };
		868704F31D6856F400A960B8 /* AppDelegate.h */ = {isa = PBXFileReference; lastKnownFileType = sourcecode.c.h; path = AppDelegate.h; sourceTree = "<group>"; };
		868704F41D6856F400A960B8 /* AppDelegate.m */ = {isa = PBXFileReference; lastKnownFileType = sourcecode.c.objc; path = AppDelegate.m; sourceTree = "<group>"; };
		868704F61D6856F400A960B8 /* ViewController.h */ = {isa = PBXFileReference; lastKnownFileType = sourcecode.c.h; path = ViewController.h; sourceTree = "<group>"; };
		868704F71D6856F400A960B8 /* ViewController.m */ = {isa = PBXFileReference; lastKnownFileType = sourcecode.c.objc; path = ViewController.m; sourceTree = "<group>"; };
		868704FA1D6856F400A960B8 /* Base */ = {isa = PBXFileReference; lastKnownFileType = file.storyboard; name = Base; path = Base.lproj/Main.storyboard; sourceTree = "<group>"; };
		868704FC1D6856F400A960B8 /* Assets.xcassets */ = {isa = PBXFileReference; lastKnownFileType = folder.assetcatalog; path = Assets.xcassets; sourceTree = "<group>"; };
		868704FF1D6856F400A960B8 /* Base */ = {isa = PBXFileReference; lastKnownFileType = file.storyboard; name = Base; path = Base.lproj/LaunchScreen.storyboard; sourceTree = "<group>"; };
		868705011D6856F400A960B8 /* Info.plist */ = {isa = PBXFileReference; lastKnownFileType = text.plist.xml; path = Info.plist; sourceTree = "<group>"; };
		868705081D68583700A960B8 /* DownloadOperation.h */ = {isa = PBXFileReference; fileEncoding = 4; lastKnownFileType = sourcecode.c.h; path = DownloadOperation.h; sourceTree = "<group>"; };
		868705091D68583700A960B8 /* DownloadOperation.m */ = {isa = PBXFileReference; fileEncoding = 4; lastKnownFileType = sourcecode.c.objc; path = DownloadOperation.m; sourceTree = "<group>"; };
/* End PBXFileReference section */

/* Begin PBXFrameworksBuildPhase section */
		868704EA1D6856F400A960B8 /* Frameworks */ = {
			isa = PBXFrameworksBuildPhase;
			buildActionMask = 2147483647;
			files = (
			);
			runOnlyForDeploymentPostprocessing = 0;
		};
/* End PBXFrameworksBuildPhase section */

/* Begin PBXGroup section */
		860D65361D6A9B57005DD64A /* AFNetworking */ = {
			isa = PBXGroup;
			children = (
				860D65371D6A9B57005DD64A /* AFHTTPSessionManager.h */,
				860D65381D6A9B57005DD64A /* AFHTTPSessionManager.m */,
				860D65391D6A9B57005DD64A /* AFNetworking.h */,
				860D653A1D6A9B57005DD64A /* AFNetworkReachabilityManager.h */,
				860D653B1D6A9B57005DD64A /* AFNetworkReachabilityManager.m */,
				860D653C1D6A9B57005DD64A /* AFSecurityPolicy.h */,
				860D653D1D6A9B57005DD64A /* AFSecurityPolicy.m */,
				860D653E1D6A9B57005DD64A /* AFURLRequestSerialization.h */,
				860D653F1D6A9B57005DD64A /* AFURLRequestSerialization.m */,
				860D65401D6A9B57005DD64A /* AFURLResponseSerialization.h */,
				860D65411D6A9B57005DD64A /* AFURLResponseSerialization.m */,
				860D65421D6A9B57005DD64A /* AFURLSessionManager.h */,
				860D65431D6A9B57005DD64A /* AFURLSessionManager.m */,
			);
			path = AFNetworking;
			sourceTree = "<group>";
		};
		868704E41D6856F400A960B8 = {
			isa = PBXGroup;
			children = (
				868704EF1D6856F400A960B8 /* 仿SDWebImage */,
				868704EE1D6856F400A960B8 /* Products */,
			);
			sourceTree = "<group>";
		};
		868704EE1D6856F400A960B8 /* Products */ = {
			isa = PBXGroup;
			children = (
				868704ED1D6856F400A960B8 /* 仿SDWebImage.app */,
			);
			name = Products;
			sourceTree = "<group>";
		};
		868704EF1D6856F400A960B8 /* 仿SDWebImage */ = {
			isa = PBXGroup;
			children = (
				860D65361D6A9B57005DD64A /* AFNetworking */,
				868705071D68582600A960B8 /* SBWebImage */,
				868704F31D6856F400A960B8 /* AppDelegate.h */,
				868704F41D6856F400A960B8 /* AppDelegate.m */,
				868704F61D6856F400A960B8 /* ViewController.h */,
				868704F71D6856F400A960B8 /* ViewController.m */,
				860D654A1D6A9B7D005DD64A /* AppsModel.h */,
				860D654B1D6A9B7D005DD64A /* AppsModel.m */,
				868704F91D6856F400A960B8 /* Main.storyboard */,
				868704FC1D6856F400A960B8 /* Assets.xcassets */,
				868704FE1D6856F400A960B8 /* LaunchScreen.storyboard */,
				868705011D6856F400A960B8 /* Info.plist */,
				868704F01D6856F400A960B8 /* Supporting Files */,
			);
			path = "仿SDWebImage";
			sourceTree = "<group>";
		};
		868704F01D6856F400A960B8 /* Supporting Files */ = {
			isa = PBXGroup;
			children = (
				868704F11D6856F400A960B8 /* main.m */,
			);
			name = "Supporting Files";
			sourceTree = "<group>";
		};
		868705071D68582600A960B8 /* SBWebImage */ = {
			isa = PBXGroup;
			children = (
				868705081D68583700A960B8 /* DownloadOperation.h */,
				868705091D68583700A960B8 /* DownloadOperation.m */,
			);
			path = SBWebImage;
			sourceTree = "<group>";
		};
/* End PBXGroup section */

/* Begin PBXNativeTarget section */
		868704EC1D6856F400A960B8 /* 仿SDWebImage */ = {
			isa = PBXNativeTarget;
			buildConfigurationList = 868705041D6856F400A960B8 /* Build configuration list for PBXNativeTarget "仿SDWebImage" */;
			buildPhases = (
				868704E91D6856F400A960B8 /* Sources */,
				868704EA1D6856F400A960B8 /* Frameworks */,
				868704EB1D6856F400A960B8 /* Resources */,
			);
			buildRules = (
			);
			dependencies = (
			);
			name = "仿SDWebImage";
			productName = "仿SDWebImage";
			productReference = 868704ED1D6856F400A960B8 /* 仿SDWebImage.app */;
			productType = "com.apple.product-type.application";
		};
/* End PBXNativeTarget section */

/* Begin PBXProject section */
		868704E51D6856F400A960B8 /* Project object */ = {
			isa = PBXProject;
			attributes = {
				LastUpgradeCheck = 0730;
				ORGANIZATIONNAME = HM;
				TargetAttributes = {
					868704EC1D6856F400A960B8 = {
						CreatedOnToolsVersion = 7.3;
					};
				};
			};
			buildConfigurationList = 868704E81D6856F400A960B8 /* Build configuration list for PBXProject "仿SDWebImage" */;
			compatibilityVersion = "Xcode 3.2";
			developmentRegion = English;
			hasScannedForEncodings = 0;
			knownRegions = (
				en,
				Base,
			);
			mainGroup = 868704E41D6856F400A960B8;
			productRefGroup = 868704EE1D6856F400A960B8 /* Products */;
			projectDirPath = "";
			projectRoot = "";
			targets = (
				868704EC1D6856F400A960B8 /* 仿SDWebImage */,
			);
		};
/* End PBXProject section */

/* Begin PBXResourcesBuildPhase section */
		868704EB1D6856F400A960B8 /* Resources */ = {
			isa = PBXResourcesBuildPhase;
			buildActionMask = 2147483647;
			files = (
				868705001D6856F400A960B8 /* LaunchScreen.storyboard in Resources */,
				868704FD1D6856F400A960B8 /* Assets.xcassets in Resources */,
				868704FB1D6856F400A960B8 /* Main.storyboard in Resources */,
			);
			runOnlyForDeploymentPostprocessing = 0;
		};
/* End PBXResourcesBuildPhase section */

/* Begin PBXSourcesBuildPhase section */
		868704E91D6856F400A960B8 /* Sources */ = {
			isa = PBXSourcesBuildPhase;
			buildActionMask = 2147483647;
			files = (
				860D65461D6A9B57005DD64A /* AFSecurityPolicy.m in Sources */,
				860D65481D6A9B57005DD64A /* AFURLResponseSerialization.m in Sources */,
				868704F81D6856F400A960B8 /* ViewController.m in Sources */,
				868704F51D6856F400A960B8 /* AppDelegate.m in Sources */,
				860D65441D6A9B57005DD64A /* AFHTTPSessionManager.m in Sources */,
				860D65491D6A9B57005DD64A /* AFURLSessionManager.m in Sources */,
				868704F21D6856F400A960B8 /* main.m in Sources */,
				860D65451D6A9B57005DD64A /* AFNetworkReachabilityManager.m in Sources */,
				860D654C1D6A9B7D005DD64A /* AppsModel.m in Sources */,
				8687050A1D68583700A960B8 /* DownloadOperation.m in Sources */,
				860D65471D6A9B57005DD64A /* AFURLRequestSerialization.m in Sources */,
			);
			runOnlyForDeploymentPostprocessing = 0;
		};
/* End PBXSourcesBuildPhase section */

/* Begin PBXVariantGroup section */
		868704F91D6856F400A960B8 /* Main.storyboard */ = {
			isa = PBXVariantGroup;
			children = (
				868704FA1D6856F400A960B8 /* Base */,
			);
			name = Main.storyboard;
			sourceTree = "<group>";
		};
		868704FE1D6856F400A960B8 /* LaunchScreen.storyboard */ = {
			isa = PBXVariantGroup;
			children = (
				868704FF1D6856F400A960B8 /* Base */,
			);
			name = LaunchScreen.storyboard;
			sourceTree = "<group>";
		};
/* End PBXVariantGroup section */

/* Begin XCBuildConfiguration section */
		868705021D6856F400A960B8 /* Debug */ = {
			isa = XCBuildConfiguration;
			buildSettings = {
				ALWAYS_SEARCH_USER_PATHS = NO;
				CLANG_ANALYZER_NONNULL = YES;
				CLANG_CXX_LANGUAGE_STANDARD = "gnu++0x";
				CLANG_CXX_LIBRARY = "libc++";
				CLANG_ENABLE_MODULES = YES;
				CLANG_ENABLE_OBJC_ARC = YES;
				CLANG_WARN_BOOL_CONVERSION = YES;
				CLANG_WARN_CONSTANT_CONVERSION = YES;
				CLANG_WARN_DIRECT_OBJC_ISA_USAGE = YES_ERROR;
				CLANG_WARN_EMPTY_BODY = YES;
				CLANG_WARN_ENUM_CONVERSION = YES;
				CLANG_WARN_INT_CONVERSION = YES;
				CLANG_WARN_OBJC_ROOT_CLASS = YES_ERROR;
				CLANG_WARN_UNREACHABLE_CODE = YES;
				CLANG_WARN__DUPLICATE_METHOD_MATCH = YES;
				"CODE_SIGN_IDENTITY[sdk=iphoneos*]" = "iPhone Developer";
				COPY_PHASE_STRIP = NO;
				DEBUG_INFORMATION_FORMAT = dwarf;
				ENABLE_STRICT_OBJC_MSGSEND = YES;
				ENABLE_TESTABILITY = YES;
				GCC_C_LANGUAGE_STANDARD = gnu99;
				GCC_DYNAMIC_NO_PIC = NO;
				GCC_NO_COMMON_BLOCKS = YES;
				GCC_OPTIMIZATION_LEVEL = 0;
				GCC_PREPROCESSOR_DEFINITIONS = (
					"DEBUG=1",
					"$(inherited)",
				);
				GCC_WARN_64_TO_32_BIT_CONVERSION = YES;
				GCC_WARN_ABOUT_RETURN_TYPE = YES_ERROR;
				GCC_WARN_UNDECLARED_SELECTOR = YES;
				GCC_WARN_UNINITIALIZED_AUTOS = YES_AGGRESSIVE;
				GCC_WARN_UNUSED_FUNCTION = YES;
				GCC_WARN_UNUSED_VARIABLE = YES;
				IPHONEOS_DEPLOYMENT_TARGET = 9.3;
				MTL_ENABLE_DEBUG_INFO = YES;
				ONLY_ACTIVE_ARCH = YES;
				SDKROOT = iphoneos;
			};
			name = Debug;
		};
		868705031D6856F400A960B8 /* Release */ = {
			isa = XCBuildConfiguration;
			buildSettings = {
				ALWAYS_SEARCH_USER_PATHS = NO;
				CLANG_ANALYZER_NONNULL = YES;
				CLANG_CXX_LANGUAGE_STANDARD = "gnu++0x";
				CLANG_CXX_LIBRARY = "libc++";
				CLANG_ENABLE_MODULES = YES;
				CLANG_ENABLE_OBJC_ARC = YES;
				CLANG_WARN_BOOL_CONVERSION = YES;
				CLANG_WARN_CONSTANT_CONVERSION = YES;
				CLANG_WARN_DIRECT_OBJC_ISA_USAGE = YES_ERROR;
				CLANG_WARN_EMPTY_BODY = YES;
				CLANG_WARN_ENUM_CONVERSION = YES;
				CLANG_WARN_INT_CONVERSION = YES;
				CLANG_WARN_OBJC_ROOT_CLASS = YES_ERROR;
				CLANG_WARN_UNREACHABLE_CODE = YES;
				CLANG_WARN__DUPLICATE_METHOD_MATCH = YES;
				"CODE_SIGN_IDENTITY[sdk=iphoneos*]" = "iPhone Developer";
				COPY_PHASE_STRIP = NO;
				DEBUG_INFORMATION_FORMAT = "dwarf-with-dsym";
				ENABLE_NS_ASSERTIONS = NO;
				ENABLE_STRICT_OBJC_MSGSEND = YES;
				GCC_C_LANGUAGE_STANDARD = gnu99;
				GCC_NO_COMMON_BLOCKS = YES;
				GCC_WARN_64_TO_32_BIT_CONVERSION = YES;
				GCC_WARN_ABOUT_RETURN_TYPE = YES_ERROR;
				GCC_WARN_UNDECLARED_SELECTOR = YES;
				GCC_WARN_UNINITIALIZED_AUTOS = YES_AGGRESSIVE;
				GCC_WARN_UNUSED_FUNCTION = YES;
				GCC_WARN_UNUSED_VARIABLE = YES;
				IPHONEOS_DEPLOYMENT_TARGET = 9.3;
				MTL_ENABLE_DEBUG_INFO = NO;
				SDKROOT = iphoneos;
				VALIDATE_PRODUCT = YES;
			};
			name = Release;
		};
		868705051D6856F400A960B8 /* Debug */ = {
			isa = XCBuildConfiguration;
			buildSettings = {
				ASSETCATALOG_COMPILER_APPICON_NAME = AppIcon;
				INFOPLIST_FILE = "仿SDWebImage/Info.plist";
				LD_RUNPATH_SEARCH_PATHS = "$(inherited) @executable_path/Frameworks";
				PRODUCT_BUNDLE_IDENTIFIER = "cn.itheima.-SDWebImage";
				PRODUCT_NAME = "$(TARGET_NAME)";
			};
			name = Debug;
		};
		868705061D6856F400A960B8 /* Release */ = {
			isa = XCBuildConfiguration;
			buildSettings = {
				ASSETCATALOG_COMPILER_APPICON_NAME = AppIcon;
				INFOPLIST_FILE = "仿SDWebImage/Info.plist";
				LD_RUNPATH_SEARCH_PATHS = "$(inherited) @executable_path/Frameworks";
				PRODUCT_BUNDLE_IDENTIFIER = "cn.itheima.-SDWebImage";
				PRODUCT_NAME = "$(TARGET_NAME)";
			};
			name = Release;
		};
/* End XCBuildConfiguration section */

/* Begin XCConfigurationList section */
		868704E81D6856F400A960B8 /* Build configuration list for PBXProject "仿SDWebImage" */ = {
			isa = XCConfigurationList;
			buildConfigurations = (
				868705021D6856F400A960B8 /* Debug */,
				868705031D6856F400A960B8 /* Release */,
			);
			defaultConfigurationIsVisible = 0;
			defaultConfigurationName = Release;
		};
		868705041D6856F400A960B8 /* Build configuration list for PBXNativeTarget "仿SDWebImage" */ = {
			isa = XCConfigurationList;
			buildConfigurations = (
				868705051D6856F400A960B8 /* Debug */,
				868705061D6856F400A960B8 /* Release */,
			);
			defaultConfigurationIsVisible = 0;
			defaultConfigurationName = Release;
		};
/* End XCConfigurationList section */
	};
	rootObject = 868704E51D6856F400A960B8 /* Project object */;
}
